// !$*UTF8*$!
{
	archiveVersion = 1;
	classes = {
	};
	objectVersion = 56;
	objects = {

/* Begin PBXBuildFile section */
		5676A44E2CF8E347009C7C6D /* TransactionsView.swift in Sources */ = {isa = PBXBuildFile; fileRef = 5676A44D2CF8E347009C7C6D /* TransactionsView.swift */; };
		5676A4502CF8E394009C7C6D /* ExploreView.swift in Sources */ = {isa = PBXBuildFile; fileRef = 5676A44F2CF8E394009C7C6D /* ExploreView.swift */; };
		5676A4522CF8E3C1009C7C6D /* ProceduresAndApplicationsView.swift in Sources */ = {isa = PBXBuildFile; fileRef = 5676A4512CF8E3C1009C7C6D /* ProceduresAndApplicationsView.swift */; };
		5676A4542CF8E3ED009C7C6D /* SettingsView.swift in Sources */ = {isa = PBXBuildFile; fileRef = 5676A4532CF8E3EC009C7C6D /* SettingsView.swift */; };
		5676A4562CF9008D009C7C6D /* ContentView.swift in Sources */ = {isa = PBXBuildFile; fileRef = 5676A4552CF9008D009C7C6D /* ContentView.swift */; };
		5676A45A2CF91DBD009C7C6D /* CustomButton.swift in Sources */ = {isa = PBXBuildFile; fileRef = 5676A4592CF91DBD009C7C6D /* CustomButton.swift */; };
		5676A45D2CF91E11009C7C6D /* CustomText.swift in Sources */ = {isa = PBXBuildFile; fileRef = 5676A45C2CF91E11009C7C6D /* CustomText.swift */; };
		568F4D502D15F5540080AA57 /* Extensions.swift in Sources */ = {isa = PBXBuildFile; fileRef = 568F4D4F2D15F5540080AA57 /* Extensions.swift */; };
		568F4D812D160ABC0080AA57 /* DynamicKeyView.swift in Sources */ = {isa = PBXBuildFile; fileRef = 568F4D802D160ABC0080AA57 /* DynamicKeyView.swift */; };
		568F4D842D160AD50080AA57 /* CircularTimer.swift in Sources */ = {isa = PBXBuildFile; fileRef = 568F4D832D160AD50080AA57 /* CircularTimer.swift */; };
		56AEF3EB2C8A77C8000140A8 /* HomeView.swift in Sources */ = {isa = PBXBuildFile; fileRef = 56AEF3DE2C8A77C8000140A8 /* HomeView.swift */; };
		56AEF3EC2C8A77C8000140A8 /* Preview Assets.xcassets in Resources */ = {isa = PBXBuildFile; fileRef = 56AEF3E02C8A77C8000140A8 /* Preview Assets.xcassets */; };
		56AEF3ED2C8A77C8000140A8 /* BancolombiaCloneApp.swift in Sources */ = {isa = PBXBuildFile; fileRef = 56AEF3E12C8A77C8000140A8 /* BancolombiaCloneApp.swift */; };
		56AEF3EE2C8A77C8000140A8 /* Colors.xcassets in Resources */ = {isa = PBXBuildFile; fileRef = 56AEF3E32C8A77C8000140A8 /* Colors.xcassets */; };
		56AEF3EF2C8A77C8000140A8 /* Assets.xcassets in Resources */ = {isa = PBXBuildFile; fileRef = 56AEF3E42C8A77C8000140A8 /* Assets.xcassets */; };
		56D2FF9A2D15D2BC00A20F18 /* NavBarItem.swift in Sources */ = {isa = PBXBuildFile; fileRef = 56D2FF992D15D2BC00A20F18 /* NavBarItem.swift */; };
		56D2FF9E2D15D62A00A20F18 /* Dimensions.swift in Sources */ = {isa = PBXBuildFile; fileRef = 56D2FF9D2D15D62A00A20F18 /* Dimensions.swift */; };
		56E961382CF8B2840079BCE4 /* Localizable.strings in Resources */ = {isa = PBXBuildFile; fileRef = 56E961372CF8B2840079BCE4 /* Localizable.strings */; };
		56E9614C2CF8B45E0079BCE4 /* Strings.swift in Sources */ = {isa = PBXBuildFile; fileRef = 56E9614B2CF8B45E0079BCE4 /* Strings.swift */; };
/* End PBXBuildFile section */

/* Begin PBXFileReference section */
		5633F0F22C833CA70024DFA1 /* BancolombiaClone.app */ = {isa = PBXFileReference; explicitFileType = wrapper.application; includeInIndex = 0; path = BancolombiaClone.app; sourceTree = BUILT_PRODUCTS_DIR; };
		56451DC32CB9913800016E87 /* Info.plist */ = {isa = PBXFileReference; lastKnownFileType = text.plist; path = Info.plist; sourceTree = "<group>"; };
		5676A44D2CF8E347009C7C6D /* TransactionsView.swift */ = {isa = PBXFileReference; lastKnownFileType = sourcecode.swift; path = TransactionsView.swift; sourceTree = "<group>"; };
		5676A44F2CF8E394009C7C6D /* ExploreView.swift */ = {isa = PBXFileReference; lastKnownFileType = sourcecode.swift; path = ExploreView.swift; sourceTree = "<group>"; };
		5676A4512CF8E3C1009C7C6D /* ProceduresAndApplicationsView.swift */ = {isa = PBXFileReference; lastKnownFileType = sourcecode.swift; path = ProceduresAndApplicationsView.swift; sourceTree = "<group>"; };
		5676A4532CF8E3EC009C7C6D /* SettingsView.swift */ = {isa = PBXFileReference; lastKnownFileType = sourcecode.swift; path = SettingsView.swift; sourceTree = "<group>"; };
		5676A4552CF9008D009C7C6D /* ContentView.swift */ = {isa = PBXFileReference; lastKnownFileType = sourcecode.swift; path = ContentView.swift; sourceTree = "<group>"; };
		5676A4592CF91DBD009C7C6D /* CustomButton.swift */ = {isa = PBXFileReference; lastKnownFileType = sourcecode.swift; path = CustomButton.swift; sourceTree = "<group>"; };
		5676A45C2CF91E11009C7C6D /* CustomText.swift */ = {isa = PBXFileReference; lastKnownFileType = sourcecode.swift; path = CustomText.swift; sourceTree = "<group>"; };
		568F4D4F2D15F5540080AA57 /* Extensions.swift */ = {isa = PBXFileReference; lastKnownFileType = sourcecode.swift; path = Extensions.swift; sourceTree = "<group>"; };
		568F4D802D160ABC0080AA57 /* DynamicKeyView.swift */ = {isa = PBXFileReference; lastKnownFileType = sourcecode.swift; path = DynamicKeyView.swift; sourceTree = "<group>"; };
		568F4D832D160AD50080AA57 /* CircularTimer.swift */ = {isa = PBXFileReference; lastKnownFileType = sourcecode.swift; path = CircularTimer.swift; sourceTree = "<group>"; };
		56AEF3DE2C8A77C8000140A8 /* HomeView.swift */ = {isa = PBXFileReference; fileEncoding = 4; lastKnownFileType = sourcecode.swift; path = HomeView.swift; sourceTree = "<group>"; };
		56AEF3E02C8A77C8000140A8 /* Preview Assets.xcassets */ = {isa = PBXFileReference; lastKnownFileType = folder.assetcatalog; path = "Preview Assets.xcassets"; sourceTree = "<group>"; };
		56AEF3E12C8A77C8000140A8 /* BancolombiaCloneApp.swift */ = {isa = PBXFileReference; fileEncoding = 4; lastKnownFileType = sourcecode.swift; path = BancolombiaCloneApp.swift; sourceTree = "<group>"; };
		56AEF3E32C8A77C8000140A8 /* Colors.xcassets */ = {isa = PBXFileReference; lastKnownFileType = folder.assetcatalog; path = Colors.xcassets; sourceTree = "<group>"; };
		56AEF3E42C8A77C8000140A8 /* Assets.xcassets */ = {isa = PBXFileReference; lastKnownFileType = folder.assetcatalog; path = Assets.xcassets; sourceTree = "<group>"; };
		56D2FF992D15D2BC00A20F18 /* NavBarItem.swift */ = {isa = PBXFileReference; lastKnownFileType = sourcecode.swift; path = NavBarItem.swift; sourceTree = "<group>"; };
		56D2FF9D2D15D62A00A20F18 /* Dimensions.swift */ = {isa = PBXFileReference; lastKnownFileType = sourcecode.swift; path = Dimensions.swift; sourceTree = "<group>"; };
		56E961372CF8B2840079BCE4 /* Localizable.strings */ = {isa = PBXFileReference; lastKnownFileType = text.plist.strings; path = Localizable.strings; sourceTree = "<group>"; };
		56E9614B2CF8B45E0079BCE4 /* Strings.swift */ = {isa = PBXFileReference; lastKnownFileType = sourcecode.swift; path = Strings.swift; sourceTree = "<group>"; };
/* End PBXFileReference section */

/* Begin PBXFrameworksBuildPhase section */
		5633F0EF2C833CA70024DFA1 /* Frameworks */ = {
			isa = PBXFrameworksBuildPhase;
			buildActionMask = 2147483647;
			files = (
			);
			runOnlyForDeploymentPostprocessing = 0;
		};
/* End PBXFrameworksBuildPhase section */

/* Begin PBXGroup section */
		5633F0E92C833CA70024DFA1 = {
			isa = PBXGroup;
			children = (
				56AEF3D52C8A77C8000140A8 /* BancolombiaClone */,
				5633F0F32C833CA70024DFA1 /* Products */,
			);
			sourceTree = "<group>";
		};
		5633F0F32C833CA70024DFA1 /* Products */ = {
			isa = PBXGroup;
			children = (
				5633F0F22C833CA70024DFA1 /* BancolombiaClone.app */,
			);
			name = Products;
			sourceTree = "<group>";
		};
		5676A4472CF8C137009C7C6D /* Home */ = {
			isa = PBXGroup;
			children = (
				568F4D822D160ABF0080AA57 /* DinamycKey */,
				56AEF3DE2C8A77C8000140A8 /* HomeView.swift */,
			);
			path = Home;
			sourceTree = "<group>";
		};
		5676A4482CF8E312009C7C6D /* Features */ = {
			isa = PBXGroup;
			children = (
				5676A44C2CF8E33A009C7C6D /* Settings */,
				5676A44B2CF8E32B009C7C6D /* ProceduresAndApplications */,
				5676A44A2CF8E323009C7C6D /* Explore */,
				5676A4492CF8E31D009C7C6D /* Transactions */,
				5676A4472CF8C137009C7C6D /* Home */,
			);
			path = Features;
			sourceTree = "<group>";
		};
		5676A4492CF8E31D009C7C6D /* Transactions */ = {
			isa = PBXGroup;
			children = (
				5676A44D2CF8E347009C7C6D /* TransactionsView.swift */,
			);
			path = Transactions;
			sourceTree = "<group>";
		};
		5676A44A2CF8E323009C7C6D /* Explore */ = {
			isa = PBXGroup;
			children = (
				5676A44F2CF8E394009C7C6D /* ExploreView.swift */,
			);
			path = Explore;
			sourceTree = "<group>";
		};
		5676A44B2CF8E32B009C7C6D /* ProceduresAndApplications */ = {
			isa = PBXGroup;
			children = (
				5676A4512CF8E3C1009C7C6D /* ProceduresAndApplicationsView.swift */,
			);
			path = ProceduresAndApplications;
			sourceTree = "<group>";
		};
		5676A44C2CF8E33A009C7C6D /* Settings */ = {
			isa = PBXGroup;
			children = (
				5676A4532CF8E3EC009C7C6D /* SettingsView.swift */,
			);
			path = Settings;
			sourceTree = "<group>";
		};
		5676A4572CF90D33009C7C6D /* DesignSystem */ = {
			isa = PBXGroup;
			children = (
				56D2FF9C2D15D61700A20F18 /* UI */,
				56D2FF982D15D2AD00A20F18 /* NavBar */,
				5676A45B2CF91E04009C7C6D /* Texts */,
				5676A4582CF91DAF009C7C6D /* Buttons */,
			);
			path = DesignSystem;
			sourceTree = "<group>";
		};
		5676A4582CF91DAF009C7C6D /* Buttons */ = {
			isa = PBXGroup;
			children = (
				5676A4592CF91DBD009C7C6D /* CustomButton.swift */,
			);
			path = Buttons;
			sourceTree = "<group>";
		};
		5676A45B2CF91E04009C7C6D /* Texts */ = {
			isa = PBXGroup;
			children = (
				5676A45C2CF91E11009C7C6D /* CustomText.swift */,
			);
			path = Texts;
			sourceTree = "<group>";
		};
		568F4D822D160ABF0080AA57 /* DinamycKey */ = {
			isa = PBXGroup;
			children = (
				568F4D802D160ABC0080AA57 /* DynamicKeyView.swift */,
				568F4D832D160AD50080AA57 /* CircularTimer.swift */,
			);
			path = DinamycKey;
			sourceTree = "<group>";
		};
		56AEF3D52C8A77C8000140A8 /* BancolombiaClone */ = {
			isa = PBXGroup;
			children = (
				5676A4572CF90D33009C7C6D /* DesignSystem */,
				5676A4482CF8E312009C7C6D /* Features */,
				56451DC32CB9913800016E87 /* Info.plist */,
				56AEF3DF2C8A77C8000140A8 /* Preview Content */,
				56AEF3E12C8A77C8000140A8 /* BancolombiaCloneApp.swift */,
				56AEF3E22C8A77C8000140A8 /* Assets */,
				5676A4552CF9008D009C7C6D /* ContentView.swift */,
			);
			path = BancolombiaClone;
			sourceTree = "<group>";
		};
		56AEF3DF2C8A77C8000140A8 /* Preview Content */ = {
			isa = PBXGroup;
			children = (
				56AEF3E02C8A77C8000140A8 /* Preview Assets.xcassets */,
			);
			path = "Preview Content";
			sourceTree = "<group>";
		};
		56AEF3E22C8A77C8000140A8 /* Assets */ = {
			isa = PBXGroup;
			children = (
				56E9614A2CF8B4430079BCE4 /* Generated */,
				56AEF3E32C8A77C8000140A8 /* Colors.xcassets */,
				56AEF3E42C8A77C8000140A8 /* Assets.xcassets */,
				56E961372CF8B2840079BCE4 /* Localizable.strings */,
			);
			path = Assets;
			sourceTree = "<group>";
		};
		56D2FF982D15D2AD00A20F18 /* NavBar */ = {
			isa = PBXGroup;
			children = (
				56D2FF992D15D2BC00A20F18 /* NavBarItem.swift */,
			);
			path = NavBar;
			sourceTree = "<group>";
		};
		56D2FF9C2D15D61700A20F18 /* UI */ = {
			isa = PBXGroup;
			children = (
				56D2FF9D2D15D62A00A20F18 /* Dimensions.swift */,
				568F4D4F2D15F5540080AA57 /* Extensions.swift */,
			);
			path = UI;
			sourceTree = "<group>";
		};
		56E9614A2CF8B4430079BCE4 /* Generated */ = {
			isa = PBXGroup;
			children = (
				56E9614B2CF8B45E0079BCE4 /* Strings.swift */,
			);
			path = Generated;
			sourceTree = "<group>";
		};
/* End PBXGroup section */

/* Begin PBXNativeTarget section */
		5633F0F12C833CA70024DFA1 /* BancolombiaClone */ = {
			isa = PBXNativeTarget;
			buildConfigurationList = 5633F1002C833CA90024DFA1 /* Build configuration list for PBXNativeTarget "BancolombiaClone" */;
			buildPhases = (
				5633F0EE2C833CA70024DFA1 /* Sources */,
				5633F0EF2C833CA70024DFA1 /* Frameworks */,
				5633F0F02C833CA70024DFA1 /* Resources */,
			);
			buildRules = (
			);
			dependencies = (
			);
			name = BancolombiaClone;
			productName = BancolombiaClone;
			productReference = 5633F0F22C833CA70024DFA1 /* BancolombiaClone.app */;
			productType = "com.apple.product-type.application";
		};
/* End PBXNativeTarget section */

/* Begin PBXProject section */
		5633F0EA2C833CA70024DFA1 /* Project object */ = {
			isa = PBXProject;
			attributes = {
				BuildIndependentTargetsInParallel = 1;
				LastSwiftUpdateCheck = 1500;
				LastUpgradeCheck = 1500;
				TargetAttributes = {
					5633F0F12C833CA70024DFA1 = {
						CreatedOnToolsVersion = 15.0;
					};
				};
			};
			buildConfigurationList = 5633F0ED2C833CA70024DFA1 /* Build configuration list for PBXProject "BancolombiaClone" */;
			compatibilityVersion = "Xcode 14.0";
			developmentRegion = en;
			hasScannedForEncodings = 0;
			knownRegions = (
				en,
				Base,
			);
			mainGroup = 5633F0E92C833CA70024DFA1;
			productRefGroup = 5633F0F32C833CA70024DFA1 /* Products */;
			projectDirPath = "";
			projectRoot = "";
			targets = (
				5633F0F12C833CA70024DFA1 /* BancolombiaClone */,
			);
		};
/* End PBXProject section */

/* Begin PBXResourcesBuildPhase section */
		5633F0F02C833CA70024DFA1 /* Resources */ = {
			isa = PBXResourcesBuildPhase;
			buildActionMask = 2147483647;
			files = (
				56AEF3EC2C8A77C8000140A8 /* Preview Assets.xcassets in Resources */,
				56E961382CF8B2840079BCE4 /* Localizable.strings in Resources */,
				56AEF3EF2C8A77C8000140A8 /* Assets.xcassets in Resources */,
				56AEF3EE2C8A77C8000140A8 /* Colors.xcassets in Resources */,
			);
			runOnlyForDeploymentPostprocessing = 0;
		};
/* End PBXResourcesBuildPhase section */

/* Begin PBXSourcesBuildPhase section */
		5633F0EE2C833CA70024DFA1 /* Sources */ = {
			isa = PBXSourcesBuildPhase;
			buildActionMask = 2147483647;
			files = (
				5676A4542CF8E3ED009C7C6D /* SettingsView.swift in Sources */,
				56AEF3ED2C8A77C8000140A8 /* BancolombiaCloneApp.swift in Sources */,
				5676A45A2CF91DBD009C7C6D /* CustomButton.swift in Sources */,
				5676A4562CF9008D009C7C6D /* ContentView.swift in Sources */,
				5676A44E2CF8E347009C7C6D /* TransactionsView.swift in Sources */,
				56E9614C2CF8B45E0079BCE4 /* Strings.swift in Sources */,
				5676A4522CF8E3C1009C7C6D /* ProceduresAndApplicationsView.swift in Sources */,
				56AEF3EB2C8A77C8000140A8 /* HomeView.swift in Sources */,
				568F4D502D15F5540080AA57 /* Extensions.swift in Sources */,
				56D2FF9E2D15D62A00A20F18 /* Dimensions.swift in Sources */,
				56D2FF9A2D15D2BC00A20F18 /* NavBarItem.swift in Sources */,
				5676A4502CF8E394009C7C6D /* ExploreView.swift in Sources */,
				568F4D842D160AD50080AA57 /* CircularTimer.swift in Sources */,
				5676A45D2CF91E11009C7C6D /* CustomText.swift in Sources */,
				568F4D812D160ABC0080AA57 /* DynamicKeyView.swift in Sources */,
			);
			runOnlyForDeploymentPostprocessing = 0;
		};
/* End PBXSourcesBuildPhase section */

/* Begin XCBuildConfiguration section */
		5633F0FE2C833CA90024DFA1 /* Debug */ = {
			isa = XCBuildConfiguration;
			buildSettings = {
				ALWAYS_SEARCH_USER_PATHS = NO;
				ASSETCATALOG_COMPILER_GENERATE_SWIFT_ASSET_SYMBOL_EXTENSIONS = YES;
				CLANG_ANALYZER_NONNULL = YES;
				CLANG_ANALYZER_NUMBER_OBJECT_CONVERSION = YES_AGGRESSIVE;
				CLANG_CXX_LANGUAGE_STANDARD = "gnu++20";
				CLANG_ENABLE_MODULES = YES;
				CLANG_ENABLE_OBJC_ARC = YES;
				CLANG_ENABLE_OBJC_WEAK = YES;
				CLANG_WARN_BLOCK_CAPTURE_AUTORELEASING = YES;
				CLANG_WARN_BOOL_CONVERSION = YES;
				CLANG_WARN_COMMA = YES;
				CLANG_WARN_CONSTANT_CONVERSION = YES;
				CLANG_WARN_DEPRECATED_OBJC_IMPLEMENTATIONS = YES;
				CLANG_WARN_DIRECT_OBJC_ISA_USAGE = YES_ERROR;
				CLANG_WARN_DOCUMENTATION_COMMENTS = YES;
				CLANG_WARN_EMPTY_BODY = YES;
				CLANG_WARN_ENUM_CONVERSION = YES;
				CLANG_WARN_INFINITE_RECURSION = YES;
				CLANG_WARN_INT_CONVERSION = YES;
				CLANG_WARN_NON_LITERAL_NULL_CONVERSION = YES;
				CLANG_WARN_OBJC_IMPLICIT_RETAIN_SELF = YES;
				CLANG_WARN_OBJC_LITERAL_CONVERSION = YES;
				CLANG_WARN_OBJC_ROOT_CLASS = YES_ERROR;
				CLANG_WARN_QUOTED_INCLUDE_IN_FRAMEWORK_HEADER = YES;
				CLANG_WARN_RANGE_LOOP_ANALYSIS = YES;
				CLANG_WARN_STRICT_PROTOTYPES = YES;
				CLANG_WARN_SUSPICIOUS_MOVE = YES;
				CLANG_WARN_UNGUARDED_AVAILABILITY = YES_AGGRESSIVE;
				CLANG_WARN_UNREACHABLE_CODE = YES;
				CLANG_WARN__DUPLICATE_METHOD_MATCH = YES;
				COPY_PHASE_STRIP = NO;
				DEBUG_INFORMATION_FORMAT = dwarf;
				ENABLE_STRICT_OBJC_MSGSEND = YES;
				ENABLE_TESTABILITY = YES;
				ENABLE_USER_SCRIPT_SANDBOXING = YES;
				GCC_C_LANGUAGE_STANDARD = gnu17;
				GCC_DYNAMIC_NO_PIC = NO;
				GCC_NO_COMMON_BLOCKS = YES;
				GCC_OPTIMIZATION_LEVEL = 0;
				GCC_PREPROCESSOR_DEFINITIONS = (
					"DEBUG=1",
					"$(inherited)",
				);
				GCC_WARN_64_TO_32_BIT_CONVERSION = YES;
				GCC_WARN_ABOUT_RETURN_TYPE = YES_ERROR;
				GCC_WARN_UNDECLARED_SELECTOR = YES;
				GCC_WARN_UNINITIALIZED_AUTOS = YES_AGGRESSIVE;
				GCC_WARN_UNUSED_FUNCTION = YES;
				GCC_WARN_UNUSED_VARIABLE = YES;
				IPHONEOS_DEPLOYMENT_TARGET = 17.0;
				LOCALIZATION_PREFERS_STRING_CATALOGS = YES;
				MTL_ENABLE_DEBUG_INFO = INCLUDE_SOURCE;
				MTL_FAST_MATH = YES;
				ONLY_ACTIVE_ARCH = YES;
				SDKROOT = iphoneos;
				SWIFT_ACTIVE_COMPILATION_CONDITIONS = "DEBUG $(inherited)";
				SWIFT_OPTIMIZATION_LEVEL = "-Onone";
			};
			name = Debug;
		};
		5633F0FF2C833CA90024DFA1 /* Release */ = {
			isa = XCBuildConfiguration;
			buildSettings = {
				ALWAYS_SEARCH_USER_PATHS = NO;
				ASSETCATALOG_COMPILER_GENERATE_SWIFT_ASSET_SYMBOL_EXTENSIONS = YES;
				CLANG_ANALYZER_NONNULL = YES;
				CLANG_ANALYZER_NUMBER_OBJECT_CONVERSION = YES_AGGRESSIVE;
				CLANG_CXX_LANGUAGE_STANDARD = "gnu++20";
				CLANG_ENABLE_MODULES = YES;
				CLANG_ENABLE_OBJC_ARC = YES;
				CLANG_ENABLE_OBJC_WEAK = YES;
				CLANG_WARN_BLOCK_CAPTURE_AUTORELEASING = YES;
				CLANG_WARN_BOOL_CONVERSION = YES;
				CLANG_WARN_COMMA = YES;
				CLANG_WARN_CONSTANT_CONVERSION = YES;
				CLANG_WARN_DEPRECATED_OBJC_IMPLEMENTATIONS = YES;
				CLANG_WARN_DIRECT_OBJC_ISA_USAGE = YES_ERROR;
				CLANG_WARN_DOCUMENTATION_COMMENTS = YES;
				CLANG_WARN_EMPTY_BODY = YES;
				CLANG_WARN_ENUM_CONVERSION = YES;
				CLANG_WARN_INFINITE_RECURSION = YES;
				CLANG_WARN_INT_CONVERSION = YES;
				CLANG_WARN_NON_LITERAL_NULL_CONVERSION = YES;
				CLANG_WARN_OBJC_IMPLICIT_RETAIN_SELF = YES;
				CLANG_WARN_OBJC_LITERAL_CONVERSION = YES;
				CLANG_WARN_OBJC_ROOT_CLASS = YES_ERROR;
				CLANG_WARN_QUOTED_INCLUDE_IN_FRAMEWORK_HEADER = YES;
				CLANG_WARN_RANGE_LOOP_ANALYSIS = YES;
				CLANG_WARN_STRICT_PROTOTYPES = YES;
				CLANG_WARN_SUSPICIOUS_MOVE = YES;
				CLANG_WARN_UNGUARDED_AVAILABILITY = YES_AGGRESSIVE;
				CLANG_WARN_UNREACHABLE_CODE = YES;
				CLANG_WARN__DUPLICATE_METHOD_MATCH = YES;
				COPY_PHASE_STRIP = NO;
				DEBUG_INFORMATION_FORMAT = "dwarf-with-dsym";
				ENABLE_NS_ASSERTIONS = NO;
				ENABLE_STRICT_OBJC_MSGSEND = YES;
				ENABLE_USER_SCRIPT_SANDBOXING = YES;
				GCC_C_LANGUAGE_STANDARD = gnu17;
				GCC_NO_COMMON_BLOCKS = YES;
				GCC_WARN_64_TO_32_BIT_CONVERSION = YES;
				GCC_WARN_ABOUT_RETURN_TYPE = YES_ERROR;
				GCC_WARN_UNDECLARED_SELECTOR = YES;
				GCC_WARN_UNINITIALIZED_AUTOS = YES_AGGRESSIVE;
				GCC_WARN_UNUSED_FUNCTION = YES;
				GCC_WARN_UNUSED_VARIABLE = YES;
				IPHONEOS_DEPLOYMENT_TARGET = 17.0;
				LOCALIZATION_PREFERS_STRING_CATALOGS = YES;
				MTL_ENABLE_DEBUG_INFO = NO;
				MTL_FAST_MATH = YES;
				SDKROOT = iphoneos;
				SWIFT_COMPILATION_MODE = wholemodule;
				VALIDATE_PRODUCT = YES;
			};
			name = Release;
		};
		5633F1012C833CA90024DFA1 /* Debug */ = {
			isa = XCBuildConfiguration;
			buildSettings = {
				ASSETCATALOG_COMPILER_APPICON_NAME = AppIcon;
				ASSETCATALOG_COMPILER_GLOBAL_ACCENT_COLOR_NAME = AccentColor;
				CODE_SIGN_STYLE = Automatic;
				CURRENT_PROJECT_VERSION = 1;
				DEVELOPMENT_ASSET_PATHS = "";
				DEVELOPMENT_TEAM = 8STPF9VADY;
				ENABLE_PREVIEWS = YES;
				GENERATE_INFOPLIST_FILE = YES;
				INFOPLIST_FILE = BancolombiaClone/Info.plist;
				INFOPLIST_KEY_UIApplicationSceneManifest_Generation = YES;
				INFOPLIST_KEY_UIApplicationSupportsIndirectInputEvents = YES;
				INFOPLIST_KEY_UILaunchScreen_Generation = YES;
				INFOPLIST_KEY_UISupportedInterfaceOrientations_iPad = "UIInterfaceOrientationPortrait UIInterfaceOrientationPortraitUpsideDown UIInterfaceOrientationLandscapeLeft UIInterfaceOrientationLandscapeRight";
				INFOPLIST_KEY_UISupportedInterfaceOrientations_iPhone = "UIInterfaceOrientationPortrait UIInterfaceOrientationLandscapeLeft UIInterfaceOrientationLandscapeRight";
				LD_RUNPATH_SEARCH_PATHS = (
					"$(inherited)",
					"@executable_path/Frameworks",
				);
				MARKETING_VERSION = 1.0;
				PRODUCT_BUNDLE_IDENTIFIER = com.juanaco123.BancolombiaClone;
				PRODUCT_NAME = "$(TARGET_NAME)";
				SUPPORTED_PLATFORMS = "iphoneos iphonesimulator";
				SUPPORTS_MACCATALYST = NO;
				SUPPORTS_MAC_DESIGNED_FOR_IPHONE_IPAD = NO;
				SWIFT_EMIT_LOC_STRINGS = YES;
				SWIFT_VERSION = 5.0;
				TARGETED_DEVICE_FAMILY = 1;
			};
			name = Debug;
		};
		5633F1022C833CA90024DFA1 /* Release */ = {
			isa = XCBuildConfiguration;
			buildSettings = {
				ASSETCATALOG_COMPILER_APPICON_NAME = AppIcon;
				ASSETCATALOG_COMPILER_GLOBAL_ACCENT_COLOR_NAME = AccentColor;
				CODE_SIGN_STYLE = Automatic;
				CURRENT_PROJECT_VERSION = 1;
				DEVELOPMENT_ASSET_PATHS = "";
				DEVELOPMENT_TEAM = 8STPF9VADY;
				ENABLE_PREVIEWS = YES;
				GENERATE_INFOPLIST_FILE = YES;
				INFOPLIST_FILE = BancolombiaClone/Info.plist;
				INFOPLIST_KEY_UIApplicationSceneManifest_Generation = YES;
				INFOPLIST_KEY_UIApplicationSupportsIndirectInputEvents = YES;
				INFOPLIST_KEY_UILaunchScreen_Generation = YES;
				INFOPLIST_KEY_UISupportedInterfaceOrientations_iPad = "UIInterfaceOrientationPortrait UIInterfaceOrientationPortraitUpsideDown UIInterfaceOrientationLandscapeLeft UIInterfaceOrientationLandscapeRight";
				INFOPLIST_KEY_UISupportedInterfaceOrientations_iPhone = "UIInterfaceOrientationPortrait UIInterfaceOrientationLandscapeLeft UIInterfaceOrientationLandscapeRight";
				LD_RUNPATH_SEARCH_PATHS = (
					"$(inherited)",
					"@executable_path/Frameworks",
				);
				MARKETING_VERSION = 1.0;
				PRODUCT_BUNDLE_IDENTIFIER = com.juanaco123.BancolombiaClone;
				PRODUCT_NAME = "$(TARGET_NAME)";
				SUPPORTED_PLATFORMS = "iphoneos iphonesimulator";
				SUPPORTS_MACCATALYST = NO;
				SUPPORTS_MAC_DESIGNED_FOR_IPHONE_IPAD = NO;
				SWIFT_EMIT_LOC_STRINGS = YES;
				SWIFT_VERSION = 5.0;
				TARGETED_DEVICE_FAMILY = 1;
			};
			name = Release;
		};
/* End XCBuildConfiguration section */

/* Begin XCConfigurationList section */
		5633F0ED2C833CA70024DFA1 /* Build configuration list for PBXProject "BancolombiaClone" */ = {
			isa = XCConfigurationList;
			buildConfigurations = (
				5633F0FE2C833CA90024DFA1 /* Debug */,
				5633F0FF2C833CA90024DFA1 /* Release */,
			);
			defaultConfigurationIsVisible = 0;
			defaultConfigurationName = Release;
		};
		5633F1002C833CA90024DFA1 /* Build configuration list for PBXNativeTarget "BancolombiaClone" */ = {
			isa = XCConfigurationList;
			buildConfigurations = (
				5633F1012C833CA90024DFA1 /* Debug */,
				5633F1022C833CA90024DFA1 /* Release */,
			);
			defaultConfigurationIsVisible = 0;
			defaultConfigurationName = Release;
		};
/* End XCConfigurationList section */
	};
	rootObject = 5633F0EA2C833CA70024DFA1 /* Project object */;
}
